
Microsoft Visual Studio Solution File, Format Version 12.00
# Visual Studio Version 17
VisualStudioVersion = 17.14.36518.9 d17.14
MinimumVisualStudioVersion = 10.0.40219.1
Project("{FAE04EC0-301F-11D3-BF4B-00C04F79EFBC}") = "LW4.Task1_MiA", "LW4.Task1_MiA\LW4.Task1_MiA.csproj", "{613AD32F-EE5B-480E-8504-C1723FA82121}"
EndProject
Global
	GlobalSection(SolutionConfigurationPlatforms) = preSolution
		Debug|Any CPU = Debug|Any CPU
		Release|Any CPU = Release|Any CPU
	EndGlobalSection
	GlobalSection(ProjectConfigurationPlatforms) = postSolution
		{613AD32F-EE5B-480E-8504-C1723FA82121}.Debug|Any CPU.ActiveCfg = Debug|Any CPU
		{613AD32F-EE5B-480E-8504-C1723FA82121}.Debug|Any CPU.Build.0 = Debug|Any CPU
		{613AD32F-EE5B-480E-8504-C1723FA82121}.Release|Any CPU.ActiveCfg = Release|Any CPU
		{613AD32F-EE5B-480E-8504-C1723FA82121}.Release|Any CPU.Build.0 = Release|Any CPU
	EndGlobalSection
	GlobalSection(SolutionProperties) = preSolution
		HideSolutionNode = FALSE
	EndGlobalSection
	GlobalSection(ExtensibilityGlobals) = postSolution
		SolutionGuid = {F4C732A7-4516-48C4-9271-749E756B3B8B}
	EndGlobalSection
EndGlobal
